Microsoft Visual Studio Solution File, Format Version 11.00
# Visual Studio 2008

Project("{8C1500AF-BD92-8D42-8E5B-80714AD90B42}") = "LineEm", "Assembly-CSharp.csproj", "{98A4C1A6-B8E1-B2BC-904C-D7E7888CB039}"
EndProject
Global
	GlobalSection(SolutionConfigurationPlatforms) = preSolution
		Debug|Any CPU = Debug|Any CPU
		Release|Any CPU = Release|Any CPU
	EndGlobalSection
	GlobalSection(ProjectConfigurationPlatforms) = postSolution
		{98A4C1A6-B8E1-B2BC-904C-D7E7888CB039}.Debug|Any CPU.ActiveCfg = Debug|Any CPU
		{98A4C1A6-B8E1-B2BC-904C-D7E7888CB039}.Debug|Any CPU.Build.0 = Debug|Any CPU
		{98A4C1A6-B8E1-B2BC-904C-D7E7888CB039}.Release|Any CPU.ActiveCfg = Release|Any CPU
		{98A4C1A6-B8E1-B2BC-904C-D7E7888CB039}.Release|Any CPU.Build.0 = Release|Any CPU
	EndGlobalSection
	GlobalSection(SolutionProperties) = preSolution
		HideSolutionNode = FALSE
	EndGlobalSection
	GlobalSection(MonoDevelopProperties) = preSolution
		StartupItem = Assembly-CSharp.csproj
	EndGlobalSection
EndGlobal
